
Microsoft Visual Studio Solution File, Format Version 12.00
# Visual Studio Version 17
VisualStudioVersion = 17.11.35327.3
MinimumVisualStudioVersion = 10.0.40219.1
Project("{FAE04EC0-301F-11D3-BF4B-00C04F79EFBC}") = "CRUD", "CRUD\CRUD.csproj", "{29575539-B09E-4C3B-AC8F-D6788E2A072B}"
EndProject
Global
	GlobalSection(SolutionConfigurationPlatforms) = preSolution
		Debug|Any CPU = Debug|Any CPU
		Release|Any CPU = Release|Any CPU
	EndGlobalSection
	GlobalSection(ProjectConfigurationPlatforms) = postSolution
		{29575539-B09E-4C3B-AC8F-D6788E2A072B}.Debug|Any CPU.ActiveCfg = Debug|Any CPU
		{29575539-B09E-4C3B-AC8F-D6788E2A072B}.Debug|Any CPU.Build.0 = Debug|Any CPU
		{29575539-B09E-4C3B-AC8F-D6788E2A072B}.Release|Any CPU.ActiveCfg = Release|Any CPU
		{29575539-B09E-4C3B-AC8F-D6788E2A072B}.Release|Any CPU.Build.0 = Release|Any CPU
	EndGlobalSection
	GlobalSection(SolutionProperties) = preSolution
		HideSolutionNode = FALSE
	EndGlobalSection
	GlobalSection(ExtensibilityGlobals) = postSolution
		SolutionGuid = {AA655D60-0F6C-43EF-9926-F1FB8CCAFBBF}
	EndGlobalSection
EndGlobal
